
Microsoft Visual Studio Solution File, Format Version 12.00
# Visual Studio Version 17
VisualStudioVersion = 17.9.34526.213
MinimumVisualStudioVersion = 10.0.40219.1
Project("{FAE04EC0-301F-11D3-BF4B-00C04F79EFBC}") = "CajeroAutomatico", "PrimerParcaial\CajeroAutomatico.csproj", "{59DA26F9-4ABA-41AB-A38E-BEA85F483187}"
EndProject
Project("{FAE04EC0-301F-11D3-BF4B-00C04F79EFBC}") = "CantidadNumero", "CantidadNumero\CantidadNumero.csproj", "{001099C3-0CFA-4655-804A-0BC243F3C42B}"
EndProject
Global
	GlobalSection(SolutionConfigurationPlatforms) = preSolution
		Debug|Any CPU = Debug|Any CPU
		Release|Any CPU = Release|Any CPU
	EndGlobalSection
	GlobalSection(ProjectConfigurationPlatforms) = postSolution
		{59DA26F9-4ABA-41AB-A38E-BEA85F483187}.Debug|Any CPU.ActiveCfg = Debug|Any CPU
		{59DA26F9-4ABA-41AB-A38E-BEA85F483187}.Debug|Any CPU.Build.0 = Debug|Any CPU
		{59DA26F9-4ABA-41AB-A38E-BEA85F483187}.Release|Any CPU.ActiveCfg = Release|Any CPU
		{59DA26F9-4ABA-41AB-A38E-BEA85F483187}.Release|Any CPU.Build.0 = Release|Any CPU
		{001099C3-0CFA-4655-804A-0BC243F3C42B}.Debug|Any CPU.ActiveCfg = Debug|Any CPU
		{001099C3-0CFA-4655-804A-0BC243F3C42B}.Debug|Any CPU.Build.0 = Debug|Any CPU
		{001099C3-0CFA-4655-804A-0BC243F3C42B}.Release|Any CPU.ActiveCfg = Release|Any CPU
		{001099C3-0CFA-4655-804A-0BC243F3C42B}.Release|Any CPU.Build.0 = Release|Any CPU
	EndGlobalSection
	GlobalSection(SolutionProperties) = preSolution
		HideSolutionNode = FALSE
	EndGlobalSection
	GlobalSection(ExtensibilityGlobals) = postSolution
		SolutionGuid = {47C695B2-56A8-4CA8-91A4-4F9C597AF8A9}
	EndGlobalSection
EndGlobal
